
Microsoft Visual Studio Solution File, Format Version 12.00
# Visual Studio Version 17
VisualStudioVersion = 17.0.32112.339
MinimumVisualStudioVersion = 10.0.40219.1
Project("{FAE04EC0-301F-11D3-BF4B-00C04F79EFBC}") = "DepartmentProject", "DepartmentProject\DepartmentProject.csproj", "{C0948C1B-6622-4737-A708-A61899B9231E}"
EndProject
Global
	GlobalSection(SolutionConfigurationPlatforms) = preSolution
		Debug|Any CPU = Debug|Any CPU
		Release|Any CPU = Release|Any CPU
	EndGlobalSection
	GlobalSection(ProjectConfigurationPlatforms) = postSolution
		{C0948C1B-6622-4737-A708-A61899B9231E}.Debug|Any CPU.ActiveCfg = Debug|Any CPU
		{C0948C1B-6622-4737-A708-A61899B9231E}.Debug|Any CPU.Build.0 = Debug|Any CPU
		{C0948C1B-6622-4737-A708-A61899B9231E}.Release|Any CPU.ActiveCfg = Release|Any CPU
		{C0948C1B-6622-4737-A708-A61899B9231E}.Release|Any CPU.Build.0 = Release|Any CPU
	EndGlobalSection
	GlobalSection(SolutionProperties) = preSolution
		HideSolutionNode = FALSE
	EndGlobalSection
	GlobalSection(ExtensibilityGlobals) = postSolution
		SolutionGuid = {49830B55-68B3-4EE0-8736-A12EA5423546}
	EndGlobalSection
EndGlobal
